#!/usr/bin/env zsh
# antidote lockfile — generated by 'antidote bundle' or 'antidote update'
# version: 2.0.0
 # date: 2026-01-01T00:00:00Z
zstyle ':antidote:bundle:github.com:dracula:zsh' lock-commit '75ea3f5e1055291caf56b4aea6a5d58d00541c41'
zstyle ':antidote:bundle:github.com:mattmc3:antidote' lock-commit 'de71516a7bdca8fbf17eda1d08129772ff6e8622'
zstyle ':antidote:bundle:github.com:mattmc3:zman' lock-commit '8c41af514ae9ab6bc78078ed97c376edcfab929d'
zstyle ':antidote:bundle:github.com:ohmyzsh:ohmyzsh' lock-commit 'a79b37b95461ea2be32578957473375954ab31ff'
zstyle ':antidote:bundle:github.com:peterhurford:up.zsh' lock-commit 'c8cc0d0edd6be2d01f467267e3ed385c386a0acb'
zstyle ':antidote:bundle:github.com:romkatv:zsh-bench' lock-commit 'd7f9f821688bdff9365e630a8aaeba1fd90499b1'
zstyle ':antidote:bundle:github.com:romkatv:zsh-defer' lock-commit '53a26e287fbbe2dcebb3aa1801546c6de32416fa'
zstyle ':antidote:bundle:github.com:rummik:zsh-tailf' lock-commit '92b04527b784a70a952efde20e6a7269278fb17d'
zstyle ':antidote:bundle:github.com:rupa:z' lock-commit 'd37a763a6a30e1b32766fecc3b8ffd6127f8a0fd'
zstyle ':antidote:bundle:github.com:sindresorhus:pure' lock-commit '54bd501c802283dee0940457da6eb3e642bd1453'
zstyle ':antidote:bundle:github.com:zdharma-continuum:fast-syntax-highlighting' lock-commit '3d574ccf48804b10dca52625df13da5edae7f553'
zstyle ':antidote:bundle:github.com:zsh-users:antigen' lock-commit '64de2dcd95d6a8e879cd2244c763d99f0144e78e'
zstyle ':antidote:bundle:github.com:zsh-users:zsh-autosuggestions' lock-commit '85919cd1ffa7d2d5412f6d3fe437ebdbeeec4fc5'
zstyle ':antidote:bundle:github.com:zsh-users:zsh-history-substring-search' lock-commit 'aa09f04747c0e3326914a895b304498b000c6e70'
zstyle ':antidote:bundle:github.com:zsh-users:zsh-syntax-highlighting' lock-commit '5eb677bb0fa9a3e60f0eff031dc13926e093df92'
