#!/usr/bin/env zsh
# antidote lockfile — generated by 'antidote bundle' or 'antidote update'
# version: 2.0.0
# date: 2024-01-01T00:00:00Z
zstyle ':antidote:bundle:github.com:dracula:zsh' lock-commit '75ea3f5e1055291caf56b4aea6a5d58d00541c41'
zstyle ':antidote:bundle:github.com:mattmc3:antidote' lock-commit 'de71516a7bdca8fbf17eda1d08129772ff6e8622'
zstyle ':antidote:bundle:github.com:mattmc3:zman' lock-commit '40483a43f262698476d3d3c740c3c865e15ac01e'
zstyle ':antidote:bundle:github.com:ohmyzsh:ohmyzsh' lock-commit 'fa770f9678477febe0ed99566d9f3331f3714eca'
zstyle ':antidote:bundle:github.com:peterhurford:up.zsh' lock-commit 'c8cc0d0edd6be2d01f467267e3ed385c386a0acb'
zstyle ':antidote:bundle:github.com:romkatv:zsh-bench' lock-commit '3b4896c4840c64bea8e79b8392a93dfdc5a0a096'
zstyle ':antidote:bundle:github.com:romkatv:zsh-defer' lock-commit '1c75faff4d8584afe090b06db11991c8c8d62055'
zstyle ':antidote:bundle:github.com:rummik:zsh-tailf' lock-commit '92b04527b784a70a952efde20e6a7269278fb17d'
zstyle ':antidote:bundle:github.com:rupa:z' lock-commit 'd37a763a6a30e1b32766fecc3b8ffd6127f8a0fd'
zstyle ':antidote:bundle:github.com:sindresorhus:pure' lock-commit '4e0ce0a2f8576894e5dad83857e9a9851faa0f5b'
zstyle ':antidote:bundle:github.com:zdharma-continuum:fast-syntax-highlighting' lock-commit 'cf318e06a9b7c9f2219d78f41b46fa6e06011fd9'
zstyle ':antidote:bundle:github.com:zsh-users:antigen' lock-commit '64de2dcd95d6a8e879cd2244c763d99f0144e78e'
zstyle ':antidote:bundle:github.com:zsh-users:zsh-autosuggestions' lock-commit '11d17e7fea9fba8067f992b3d95e884c20a4069c'
zstyle ':antidote:bundle:github.com:zsh-users:zsh-history-substring-search' lock-commit '8dd05bfcc12b0cd1ee9ea64be725b3d9f713cf64'
zstyle ':antidote:bundle:github.com:zsh-users:zsh-syntax-highlighting' lock-commit 'dcc99a86497491dfe41fb8b0d5f506033546a8c0'
