#!/usr/bin/env zsh
# antidote lockfile — generated by antidote bundle
# Do not edit manually. Run 'antidote update' to refresh.
zstyle ':antidote:bundle:fakegitsite.com/bar/baz' lock-commit '1aa9550512f5606c5c23b11f5a9ad660d6c10fb4'
zstyle ':antidote:bundle:fakegitsite.com/foo/bar' lock-commit '400b29a76d68fd7c40bc7c0460424ab089b1e68a'
zstyle ':antidote:bundle:fakegitsite.com/foo/baz' lock-commit '98cdde20c338bdb4df6efefd7f812d38ecc62b70'
zstyle ':antidote:bundle:fakegitsite.com/foo/qux' lock-commit '89661d7f95e6d805d4da6e1dc9bbaba9b126322a'
zstyle ':antidote:bundle:fakegitsite.com/getantidote/zsh-defer' lock-commit '57ddc6fc6fba9862b899c483b6746b43c07dfb0d'
zstyle ':antidote:bundle:fakegitsite.com/ohmy/ohmy' lock-commit '1cc5b7ebe76328350234e841e72729f40057e2b6'
